
Microsoft Visual Studio Solution File, Format Version 12.00
# Visual Studio Version 17
VisualStudioVersion = 17.12.35527.113 d17.12
MinimumVisualStudioVersion = 10.0.40219.1
Project("{FAE04EC0-301F-11D3-BF4B-00C04F79EFBC}") = "ISDP2025_jared_green_web.Server", "ISDP2025_jared_green_web.Server\ISDP2025_jared_green_web.Server.csproj", "{9018F859-4580-4247-BE03-343B0A78A9CA}"
EndProject
Project("{54A90642-561A-4BB1-A94E-469ADEE60C69}") = "isdp2025_jared_green_web.client", "isdp2025_jared_green_web.client\isdp2025_jared_green_web.client.esproj", "{CE1BBF81-6979-43CF-9D0F-7B49EF68EB81}"
EndProject
Global
	GlobalSection(SolutionConfigurationPlatforms) = preSolution
		Debug|Any CPU = Debug|Any CPU
		Release|Any CPU = Release|Any CPU
	EndGlobalSection
	GlobalSection(ProjectConfigurationPlatforms) = postSolution
		{9018F859-4580-4247-BE03-343B0A78A9CA}.Debug|Any CPU.ActiveCfg = Debug|Any CPU
		{9018F859-4580-4247-BE03-343B0A78A9CA}.Debug|Any CPU.Build.0 = Debug|Any CPU
		{9018F859-4580-4247-BE03-343B0A78A9CA}.Release|Any CPU.ActiveCfg = Release|Any CPU
		{9018F859-4580-4247-BE03-343B0A78A9CA}.Release|Any CPU.Build.0 = Release|Any CPU
		{CE1BBF81-6979-43CF-9D0F-7B49EF68EB81}.Debug|Any CPU.ActiveCfg = Debug|Any CPU
		{CE1BBF81-6979-43CF-9D0F-7B49EF68EB81}.Debug|Any CPU.Build.0 = Debug|Any CPU
		{CE1BBF81-6979-43CF-9D0F-7B49EF68EB81}.Debug|Any CPU.Deploy.0 = Debug|Any CPU
		{CE1BBF81-6979-43CF-9D0F-7B49EF68EB81}.Release|Any CPU.ActiveCfg = Release|Any CPU
		{CE1BBF81-6979-43CF-9D0F-7B49EF68EB81}.Release|Any CPU.Build.0 = Release|Any CPU
		{CE1BBF81-6979-43CF-9D0F-7B49EF68EB81}.Release|Any CPU.Deploy.0 = Release|Any CPU
	EndGlobalSection
	GlobalSection(SolutionProperties) = preSolution
		HideSolutionNode = FALSE
	EndGlobalSection
EndGlobal
